{
    "requires": true,
    "lockfileVersion": 1,
    "dependencies": {
        "@yascher87/polish-notation": {
            "version": "1.2.2",
            "resolved": "https://registry.npmjs.org/@yascher87/polish-notation/-/polish-notation-1.2.2.tgz",
            "integrity": "sha512-6TMB5qo/XdR7cCHmL6+NbguHPlkk2im45+Ins9J5/W21MhRmU/wTqcUvwuncKVBVGJJo21LxoLJAS8oHWXawtA=="
        }
    }
}
